NeoBundleLock neobundle.vim 61ec6b494668b27e1d9401e0f8d1f3885376ee18
NeoBundleLock neocomplcache 778181767467b8f8016828898779a646074d883a
NeoBundleLock neosnippet 7c07c4d8a2228c77ae4d519c936811db662ecd4a
NeoBundleLock neosnippet-snippets 7bc1674170670a4c43f7f4fc65e0e396759512ea
NeoBundleLock nerdtree 0b44415a3302030b56755cc1135ca9ca57dc1ada
NeoBundleLock perldoc-vim 3cdeb2f18bdc28ad7704dae9d3175efccdfbd026
NeoBundleLock smartchr bb34ecf2c557f93560a335ea4bd9433d52703af6
NeoBundleLock taglist.vim 53041fbc45398a9af631a20657e109707a455339
NeoBundleLock unite.vim d019c52364750697db527d25cd95b66480f1afcd
NeoBundleLock vim-easymotion 0806257ca6432ac7beb75c4319dadf7f3ba9907b
NeoBundleLock vim-fugitive b5188a1b4f9aabd1454f7b8dd621d467ca7ee3a7
NeoBundleLock vim-perl 4e75c3e3766da7294061f9bef6949e89087f821f
NeoBundleLock vim-powerline 114f8e5c204f1cac9b2443065910fa182de39fb8
NeoBundleLock vim-quickrun 9fff9e5f12fcea45637821e30e6dbee05e748854
NeoBundleLock vimfiler caa04778cca0bba1e8a032dba2ffa6ad06090829
